// !$*UTF8*$!
{
	archiveVersion = 1;
	classes = {
	};
	objectVersion = 77;
	objects = {

/* Begin PBXContainerItemProxy section */
		28C2FA8B2D63401F00188223 /* PBXContainerItemProxy */ = {
			isa = PBXContainerItemProxy;
			containerPortal = 28C2FA702D63401E00188223 /* Project object */;
			proxyType = 1;
			remoteGlobalIDString = 28C2FA772D63401E00188223;
			remoteInfo = MarshallCrypto;
		};
		28C2FA952D63401F00188223 /* PBXContainerItemProxy */ = {
			isa = PBXContainerItemProxy;
			containerPortal = 28C2FA702D63401E00188223 /* Project object */;
			proxyType = 1;
			remoteGlobalIDString = 28C2FA772D63401E00188223;
			remoteInfo = MarshallCrypto;
		};
/* End PBXContainerItemProxy section */

/* Begin PBXFileReference section */
		28B7AFF12D6677FC00EB2061 /* MarshallCryptoTestPlan.xctestplan */ = {isa = PBXFileReference; lastKnownFileType = text; path = MarshallCryptoTestPlan.xctestplan; sourceTree = "<group>"; };
		28C2FA782D63401E00188223 /* MarshallCrypto.app */ = {isa = PBXFileReference; explicitFileType = wrapper.application; includeInIndex = 0; path = MarshallCrypto.app; sourceTree = BUILT_PRODUCTS_DIR; };
		28C2FA8A2D63401F00188223 /* MarshallCryptoTests.xctest */ = {isa = PBXFileReference; explicitFileType = wrapper.cfbundle; includeInIndex = 0; path = MarshallCryptoTests.xctest; sourceTree = BUILT_PRODUCTS_DIR; };
		28C2FA942D63401F00188223 /* MarshallCryptoUITests.xctest */ = {isa = PBXFileReference; explicitFileType = wrapper.cfbundle; includeInIndex = 0; path = MarshallCryptoUITests.xctest; sourceTree = BUILT_PRODUCTS_DIR; };
/* End PBXFileReference section */

/* Begin PBXFileSystemSynchronizedRootGroup section */
		28C2FA7A2D63401E00188223 /* MarshallCrypto */ = {
			isa = PBXFileSystemSynchronizedRootGroup;
			path = MarshallCrypto;
			sourceTree = "<group>";
		};
		28C2FA8D2D63401F00188223 /* MarshallCryptoTests */ = {
			isa = PBXFileSystemSynchronizedRootGroup;
			path = MarshallCryptoTests;
			sourceTree = "<group>";
		};
		28C2FA972D63401F00188223 /* MarshallCryptoUITests */ = {
			isa = PBXFileSystemSynchronizedRootGroup;
			path = MarshallCryptoUITests;
			sourceTree = "<group>";
		};
/* End PBXFileSystemSynchronizedRootGroup section */

/* Begin PBXFrameworksBuildPhase section */
		28C2FA752D63401E00188223 /* Frameworks */ = {
			isa = PBXFrameworksBuildPhase;
			buildActionMask = 2147483647;
			files = (
			);
			runOnlyForDeploymentPostprocessing = 0;
		};
		28C2FA872D63401F00188223 /* Frameworks */ = {
			isa = PBXFrameworksBuildPhase;
			buildActionMask = 2147483647;
			files = (
			);
			runOnlyForDeploymentPostprocessing = 0;
		};
		28C2FA912D63401F00188223 /* Frameworks */ = {
			isa = PBXFrameworksBuildPhase;
			buildActionMask = 2147483647;
			files = (
			);
			runOnlyForDeploymentPostprocessing = 0;
		};
/* End PBXFrameworksBuildPhase section */

/* Begin PBXGroup section */
		28C2FA6F2D63401E00188223 = {
			isa = PBXGroup;
			children = (
				28C2FA7A2D63401E00188223 /* MarshallCrypto */,
				28B7AFF12D6677FC00EB2061 /* MarshallCryptoTestPlan.xctestplan */,
				28C2FA8D2D63401F00188223 /* MarshallCryptoTests */,
				28C2FA972D63401F00188223 /* MarshallCryptoUITests */,
				28C2FA792D63401E00188223 /* Products */,
			);
			sourceTree = "<group>";
		};
		28C2FA792D63401E00188223 /* Products */ = {
			isa = PBXGroup;
			children = (
				28C2FA782D63401E00188223 /* MarshallCrypto.app */,
				28C2FA8A2D63401F00188223 /* MarshallCryptoTests.xctest */,
				28C2FA942D63401F00188223 /* MarshallCryptoUITests.xctest */,
			);
			name = Products;
			sourceTree = "<group>";
		};
/* End PBXGroup section */

/* Begin PBXNativeTarget section */
		28C2FA772D63401E00188223 /* MarshallCrypto */ = {
			isa = PBXNativeTarget;
			buildConfigurationList = 28C2FA9E2D63401F00188223 /* Build configuration list for PBXNativeTarget "MarshallCrypto" */;
			buildPhases = (
				28C2FA742D63401E00188223 /* Sources */,
				28C2FA752D63401E00188223 /* Frameworks */,
				28C2FA762D63401E00188223 /* Resources */,
			);
			buildRules = (
			);
			dependencies = (
			);
			fileSystemSynchronizedGroups = (
				28C2FA7A2D63401E00188223 /* MarshallCrypto */,
			);
			name = MarshallCrypto;
			packageProductDependencies = (
			);
			productName = MarshallCrypto;
			productReference = 28C2FA782D63401E00188223 /* MarshallCrypto.app */;
			productType = "com.apple.product-type.application";
		};
		28C2FA892D63401F00188223 /* MarshallCryptoTests */ = {
			isa = PBXNativeTarget;
			buildConfigurationList = 28C2FAA12D63401F00188223 /* Build configuration list for PBXNativeTarget "MarshallCryptoTests" */;
			buildPhases = (
				28C2FA862D63401F00188223 /* Sources */,
				28C2FA872D63401F00188223 /* Frameworks */,
				28C2FA882D63401F00188223 /* Resources */,
			);
			buildRules = (
			);
			dependencies = (
				28C2FA8C2D63401F00188223 /* PBXTargetDependency */,
			);
			fileSystemSynchronizedGroups = (
				28C2FA8D2D63401F00188223 /* MarshallCryptoTests */,
			);
			name = MarshallCryptoTests;
			packageProductDependencies = (
			);
			productName = MarshallCryptoTests;
			productReference = 28C2FA8A2D63401F00188223 /* MarshallCryptoTests.xctest */;
			productType = "com.apple.product-type.bundle.unit-test";
		};
		28C2FA932D63401F00188223 /* MarshallCryptoUITests */ = {
			isa = PBXNativeTarget;
			buildConfigurationList = 28C2FAA42D63401F00188223 /* Build configuration list for PBXNativeTarget "MarshallCryptoUITests" */;
			buildPhases = (
				28C2FA902D63401F00188223 /* Sources */,
				28C2FA912D63401F00188223 /* Frameworks */,
				28C2FA922D63401F00188223 /* Resources */,
			);
			buildRules = (
			);
			dependencies = (
				28C2FA962D63401F00188223 /* PBXTargetDependency */,
			);
			fileSystemSynchronizedGroups = (
				28C2FA972D63401F00188223 /* MarshallCryptoUITests */,
			);
			name = MarshallCryptoUITests;
			packageProductDependencies = (
			);
			productName = MarshallCryptoUITests;
			productReference = 28C2FA942D63401F00188223 /* MarshallCryptoUITests.xctest */;
			productType = "com.apple.product-type.bundle.ui-testing";
		};
/* End PBXNativeTarget section */

/* Begin PBXProject section */
		28C2FA702D63401E00188223 /* Project object */ = {
			isa = PBXProject;
			attributes = {
				BuildIndependentTargetsInParallel = 1;
				LastSwiftUpdateCheck = 1620;
				LastUpgradeCheck = 1620;
				TargetAttributes = {
					28C2FA772D63401E00188223 = {
						CreatedOnToolsVersion = 16.2;
					};
					28C2FA892D63401F00188223 = {
						CreatedOnToolsVersion = 16.2;
						TestTargetID = 28C2FA772D63401E00188223;
					};
					28C2FA932D63401F00188223 = {
						CreatedOnToolsVersion = 16.2;
						TestTargetID = 28C2FA772D63401E00188223;
					};
				};
			};
			buildConfigurationList = 28C2FA732D63401E00188223 /* Build configuration list for PBXProject "MarshallCrypto" */;
			developmentRegion = en;
			hasScannedForEncodings = 0;
			knownRegions = (
				en,
				Base,
			);
			mainGroup = 28C2FA6F2D63401E00188223;
			minimizedProjectReferenceProxies = 1;
			preferredProjectObjectVersion = 77;
			productRefGroup = 28C2FA792D63401E00188223 /* Products */;
			projectDirPath = "";
			projectRoot = "";
			targets = (
				28C2FA772D63401E00188223 /* MarshallCrypto */,
				28C2FA892D63401F00188223 /* MarshallCryptoTests */,
				28C2FA932D63401F00188223 /* MarshallCryptoUITests */,
			);
		};
/* End PBXProject section */

/* Begin PBXResourcesBuildPhase section */
		28C2FA762D63401E00188223 /* Resources */ = {
			isa = PBXResourcesBuildPhase;
			buildActionMask = 2147483647;
			files = (
			);
			runOnlyForDeploymentPostprocessing = 0;
		};
		28C2FA882D63401F00188223 /* Resources */ = {
			isa = PBXResourcesBuildPhase;
			buildActionMask = 2147483647;
			files = (
			);
			runOnlyForDeploymentPostprocessing = 0;
		};
		28C2FA922D63401F00188223 /* Resources */ = {
			isa = PBXResourcesBuildPhase;
			buildActionMask = 2147483647;
			files = (
			);
			runOnlyForDeploymentPostprocessing = 0;
		};
/* End PBXResourcesBuildPhase section */

/* Begin PBXSourcesBuildPhase section */
		28C2FA742D63401E00188223 /* Sources */ = {
			isa = PBXSourcesBuildPhase;
			buildActionMask = 2147483647;
			files = (
			);
			runOnlyForDeploymentPostprocessing = 0;
		};
		28C2FA862D63401F00188223 /* Sources */ = {
			isa = PBXSourcesBuildPhase;
			buildActionMask = 2147483647;
			files = (
			);
			runOnlyForDeploymentPostprocessing = 0;
		};
		28C2FA902D63401F00188223 /* Sources */ = {
			isa = PBXSourcesBuildPhase;
			buildActionMask = 2147483647;
			files = (
			);
			runOnlyForDeploymentPostprocessing = 0;
		};
/* End PBXSourcesBuildPhase section */

/* Begin PBXTargetDependency section */
		28C2FA8C2D63401F00188223 /* PBXTargetDependency */ = {
			isa = PBXTargetDependency;
			target = 28C2FA772D63401E00188223 /* MarshallCrypto */;
			targetProxy = 28C2FA8B2D63401F00188223 /* PBXContainerItemProxy */;
		};
		28C2FA962D63401F00188223 /* PBXTargetDependency */ = {
			isa = PBXTargetDependency;
			target = 28C2FA772D63401E00188223 /* MarshallCrypto */;
			targetProxy = 28C2FA952D63401F00188223 /* PBXContainerItemProxy */;
		};
/* End PBXTargetDependency section */

/* Begin XCBuildConfiguration section */
		28C2FA9C2D63401F00188223 /* Debug */ = {
			isa = XCBuildConfiguration;
			buildSettings = {
				ALWAYS_SEARCH_USER_PATHS = NO;
				ASSETCATALOG_COMPILER_GENERATE_SWIFT_ASSET_SYMBOL_EXTENSIONS = YES;
				CLANG_ANALYZER_NONNULL = YES;
				CLANG_ANALYZER_NUMBER_OBJECT_CONVERSION = YES_AGGRESSIVE;
				CLANG_CXX_LANGUAGE_STANDARD = "gnu++20";
				CLANG_ENABLE_MODULES = YES;
				CLANG_ENABLE_OBJC_ARC = YES;
				CLANG_ENABLE_OBJC_WEAK = YES;
				CLANG_WARN_BLOCK_CAPTURE_AUTORELEASING = YES;
				CLANG_WARN_BOOL_CONVERSION = YES;
				CLANG_WARN_COMMA = YES;
				CLANG_WARN_CONSTANT_CONVERSION = YES;
				CLANG_WARN_DEPRECATED_OBJC_IMPLEMENTATIONS = YES;
				CLANG_WARN_DIRECT_OBJC_ISA_USAGE = YES_ERROR;
				CLANG_WARN_DOCUMENTATION_COMMENTS = YES;
				CLANG_WARN_EMPTY_BODY = YES;
				CLANG_WARN_ENUM_CONVERSION = YES;
				CLANG_WARN_INFINITE_RECURSION = YES;
				CLANG_WARN_INT_CONVERSION = YES;
				CLANG_WARN_NON_LITERAL_NULL_CONVERSION = YES;
				CLANG_WARN_OBJC_IMPLICIT_RETAIN_SELF = YES;
				CLANG_WARN_OBJC_LITERAL_CONVERSION = YES;
				CLANG_WARN_OBJC_ROOT_CLASS = YES_ERROR;
				CLANG_WARN_QUOTED_INCLUDE_IN_FRAMEWORK_HEADER = YES;
				CLANG_WARN_RANGE_LOOP_ANALYSIS = YES;
				CLANG_WARN_STRICT_PROTOTYPES = YES;
				CLANG_WARN_SUSPICIOUS_MOVE = YES;
				CLANG_WARN_UNGUARDED_AVAILABILITY = YES_AGGRESSIVE;
				CLANG_WARN_UNREACHABLE_CODE = YES;
				CLANG_WARN__DUPLICATE_METHOD_MATCH = YES;
				COPY_PHASE_STRIP = NO;
				DEBUG_INFORMATION_FORMAT = dwarf;
				ENABLE_STRICT_OBJC_MSGSEND = YES;
				ENABLE_TESTABILITY = YES;
				ENABLE_USER_SCRIPT_SANDBOXING = YES;
				GCC_C_LANGUAGE_STANDARD = gnu17;
				GCC_DYNAMIC_NO_PIC = NO;
				GCC_NO_COMMON_BLOCKS = YES;
				GCC_OPTIMIZATION_LEVEL = 0;
				GCC_PREPROCESSOR_DEFINITIONS = (
					"DEBUG=1",
					"$(inherited)",
				);
				GCC_WARN_64_TO_32_BIT_CONVERSION = YES;
				GCC_WARN_ABOUT_RETURN_TYPE = YES_ERROR;
				GCC_WARN_UNDECLARED_SELECTOR = YES;
				GCC_WARN_UNINITIALIZED_AUTOS = YES_AGGRESSIVE;
				GCC_WARN_UNUSED_FUNCTION = YES;
				GCC_WARN_UNUSED_VARIABLE = YES;
				IPHONEOS_DEPLOYMENT_TARGET = 18.2;
				LOCALIZATION_PREFERS_STRING_CATALOGS = YES;
				MTL_ENABLE_DEBUG_INFO = INCLUDE_SOURCE;
				MTL_FAST_MATH = YES;
				ONLY_ACTIVE_ARCH = YES;
				SDKROOT = iphoneos;
				SWIFT_ACTIVE_COMPILATION_CONDITIONS = "DEBUG $(inherited)";
				SWIFT_OPTIMIZATION_LEVEL = "-Onone";
			};
			name = Debug;
		};
		28C2FA9D2D63401F00188223 /* Release */ = {
			isa = XCBuildConfiguration;
			buildSettings = {
				ALWAYS_SEARCH_USER_PATHS = NO;
				ASSETCATALOG_COMPILER_GENERATE_SWIFT_ASSET_SYMBOL_EXTENSIONS = YES;
				CLANG_ANALYZER_NONNULL = YES;
				CLANG_ANALYZER_NUMBER_OBJECT_CONVERSION = YES_AGGRESSIVE;
				CLANG_CXX_LANGUAGE_STANDARD = "gnu++20";
				CLANG_ENABLE_MODULES = YES;
				CLANG_ENABLE_OBJC_ARC = YES;
				CLANG_ENABLE_OBJC_WEAK = YES;
				CLANG_WARN_BLOCK_CAPTURE_AUTORELEASING = YES;
				CLANG_WARN_BOOL_CONVERSION = YES;
				CLANG_WARN_COMMA = YES;
				CLANG_WARN_CONSTANT_CONVERSION = YES;
				CLANG_WARN_DEPRECATED_OBJC_IMPLEMENTATIONS = YES;
				CLANG_WARN_DIRECT_OBJC_ISA_USAGE = YES_ERROR;
				CLANG_WARN_DOCUMENTATION_COMMENTS = YES;
				CLANG_WARN_EMPTY_BODY = YES;
				CLANG_WARN_ENUM_CONVERSION = YES;
				CLANG_WARN_INFINITE_RECURSION = YES;
				CLANG_WARN_INT_CONVERSION = YES;
				CLANG_WARN_NON_LITERAL_NULL_CONVERSION = YES;
				CLANG_WARN_OBJC_IMPLICIT_RETAIN_SELF = YES;
				CLANG_WARN_OBJC_LITERAL_CONVERSION = YES;
				CLANG_WARN_OBJC_ROOT_CLASS = YES_ERROR;
				CLANG_WARN_QUOTED_INCLUDE_IN_FRAMEWORK_HEADER = YES;
				CLANG_WARN_RANGE_LOOP_ANALYSIS = YES;
				CLANG_WARN_STRICT_PROTOTYPES = YES;
				CLANG_WARN_SUSPICIOUS_MOVE = YES;
				CLANG_WARN_UNGUARDED_AVAILABILITY = YES_AGGRESSIVE;
				CLANG_WARN_UNREACHABLE_CODE = YES;
				CLANG_WARN__DUPLICATE_METHOD_MATCH = YES;
				COPY_PHASE_STRIP = NO;
				DEBUG_INFORMATION_FORMAT = "dwarf-with-dsym";
				ENABLE_NS_ASSERTIONS = NO;
				ENABLE_STRICT_OBJC_MSGSEND = YES;
				ENABLE_USER_SCRIPT_SANDBOXING = YES;
				GCC_C_LANGUAGE_STANDARD = gnu17;
				GCC_NO_COMMON_BLOCKS = YES;
				GCC_WARN_64_TO_32_BIT_CONVERSION = YES;
				GCC_WARN_ABOUT_RETURN_TYPE = YES_ERROR;
				GCC_WARN_UNDECLARED_SELECTOR = YES;
				GCC_WARN_UNINITIALIZED_AUTOS = YES_AGGRESSIVE;
				GCC_WARN_UNUSED_FUNCTION = YES;
				GCC_WARN_UNUSED_VARIABLE = YES;
				IPHONEOS_DEPLOYMENT_TARGET = 18.2;
				LOCALIZATION_PREFERS_STRING_CATALOGS = YES;
				MTL_ENABLE_DEBUG_INFO = NO;
				MTL_FAST_MATH = YES;
				SDKROOT = iphoneos;
				SWIFT_COMPILATION_MODE = wholemodule;
				VALIDATE_PRODUCT = YES;
			};
			name = Release;
		};
		28C2FA9F2D63401F00188223 /* Debug */ = {
			isa = XCBuildConfiguration;
			buildSettings = {
				ASSETCATALOG_COMPILER_APPICON_NAME = AppIcon;
				ASSETCATALOG_COMPILER_GLOBAL_ACCENT_COLOR_NAME = AccentColor;
				CODE_SIGN_STYLE = Automatic;
				CURRENT_PROJECT_VERSION = 1;
				DEVELOPMENT_ASSET_PATHS = "\"MarshallCrypto/Preview Content\"";
				DEVELOPMENT_TEAM = 2SGPR636VM;
				ENABLE_PREVIEWS = YES;
				GENERATE_INFOPLIST_FILE = YES;
				INFOPLIST_KEY_UIApplicationSceneManifest_Generation = YES;
				INFOPLIST_KEY_UIApplicationSupportsIndirectInputEvents = YES;
				INFOPLIST_KEY_UILaunchScreen_Generation = YES;
				INFOPLIST_KEY_UISupportedInterfaceOrientations_iPad = "UIInterfaceOrientationPortrait UIInterfaceOrientationPortraitUpsideDown UIInterfaceOrientationLandscapeLeft UIInterfaceOrientationLandscapeRight";
				INFOPLIST_KEY_UISupportedInterfaceOrientations_iPhone = "UIInterfaceOrientationPortrait UIInterfaceOrientationLandscapeLeft UIInterfaceOrientationLandscapeRight";
				LD_RUNPATH_SEARCH_PATHS = (
					"$(inherited)",
					"@executable_path/Frameworks",
				);
				MARKETING_VERSION = 1.0;
				PRODUCT_BUNDLE_IDENTIFIER = se.jontolof.MarshallCrypto;
				PRODUCT_NAME = "$(TARGET_NAME)";
				SWIFT_EMIT_LOC_STRINGS = YES;
				SWIFT_VERSION = 5.0;
				TARGETED_DEVICE_FAMILY = "1,2";
			};
			name = Debug;
		};
		28C2FAA02D63401F00188223 /* Release */ = {
			isa = XCBuildConfiguration;
			buildSettings = {
				ASSETCATALOG_COMPILER_APPICON_NAME = AppIcon;
				ASSETCATALOG_COMPILER_GLOBAL_ACCENT_COLOR_NAME = AccentColor;
				CODE_SIGN_STYLE = Automatic;
				CURRENT_PROJECT_VERSION = 1;
				DEVELOPMENT_ASSET_PATHS = "\"MarshallCrypto/Preview Content\"";
				DEVELOPMENT_TEAM = 2SGPR636VM;
				ENABLE_PREVIEWS = YES;
				GENERATE_INFOPLIST_FILE = YES;
				INFOPLIST_KEY_UIApplicationSceneManifest_Generation = YES;
				INFOPLIST_KEY_UIApplicationSupportsIndirectInputEvents = YES;
				INFOPLIST_KEY_UILaunchScreen_Generation = YES;
				INFOPLIST_KEY_UISupportedInterfaceOrientations_iPad = "UIInterfaceOrientationPortrait UIInterfaceOrientationPortraitUpsideDown UIInterfaceOrientationLandscapeLeft UIInterfaceOrientationLandscapeRight";
				INFOPLIST_KEY_UISupportedInterfaceOrientations_iPhone = "UIInterfaceOrientationPortrait UIInterfaceOrientationLandscapeLeft UIInterfaceOrientationLandscapeRight";
				LD_RUNPATH_SEARCH_PATHS = (
					"$(inherited)",
					"@executable_path/Frameworks",
				);
				MARKETING_VERSION = 1.0;
				PRODUCT_BUNDLE_IDENTIFIER = se.jontolof.MarshallCrypto;
				PRODUCT_NAME = "$(TARGET_NAME)";
				SWIFT_EMIT_LOC_STRINGS = YES;
				SWIFT_VERSION = 5.0;
				TARGETED_DEVICE_FAMILY = "1,2";
			};
			name = Release;
		};
		28C2FAA22D63401F00188223 /* Debug */ = {
			isa = XCBuildConfiguration;
			buildSettings = {
				BUNDLE_LOADER = "$(TEST_HOST)";
				CODE_SIGN_STYLE = Automatic;
				CURRENT_PROJECT_VERSION = 1;
				DEVELOPMENT_TEAM = 2SGPR636VM;
				GENERATE_INFOPLIST_FILE = YES;
				IPHONEOS_DEPLOYMENT_TARGET = 18.2;
				MARKETING_VERSION = 1.0;
				PRODUCT_BUNDLE_IDENTIFIER = se.jontolof.MarshallCryptoTests;
				PRODUCT_NAME = "$(TARGET_NAME)";
				SWIFT_EMIT_LOC_STRINGS = NO;
				SWIFT_VERSION = 5.0;
				TARGETED_DEVICE_FAMILY = "1,2";
				TEST_HOST = "$(BUILT_PRODUCTS_DIR)/MarshallCrypto.app/$(BUNDLE_EXECUTABLE_FOLDER_PATH)/MarshallCrypto";
			};
			name = Debug;
		};
		28C2FAA32D63401F00188223 /* Release */ = {
			isa = XCBuildConfiguration;
			buildSettings = {
				BUNDLE_LOADER = "$(TEST_HOST)";
				CODE_SIGN_STYLE = Automatic;
				CURRENT_PROJECT_VERSION = 1;
				DEVELOPMENT_TEAM = 2SGPR636VM;
				GENERATE_INFOPLIST_FILE = YES;
				IPHONEOS_DEPLOYMENT_TARGET = 18.2;
				MARKETING_VERSION = 1.0;
				PRODUCT_BUNDLE_IDENTIFIER = se.jontolof.MarshallCryptoTests;
				PRODUCT_NAME = "$(TARGET_NAME)";
				SWIFT_EMIT_LOC_STRINGS = NO;
				SWIFT_VERSION = 5.0;
				TARGETED_DEVICE_FAMILY = "1,2";
				TEST_HOST = "$(BUILT_PRODUCTS_DIR)/MarshallCrypto.app/$(BUNDLE_EXECUTABLE_FOLDER_PATH)/MarshallCrypto";
			};
			name = Release;
		};
		28C2FAA52D63401F00188223 /* Debug */ = {
			isa = XCBuildConfiguration;
			buildSettings = {
				CODE_SIGN_STYLE = Automatic;
				CURRENT_PROJECT_VERSION = 1;
				DEVELOPMENT_TEAM = 2SGPR636VM;
				GENERATE_INFOPLIST_FILE = YES;
				MARKETING_VERSION = 1.0;
				PRODUCT_BUNDLE_IDENTIFIER = se.jontolof.MarshallCryptoUITests;
				PRODUCT_NAME = "$(TARGET_NAME)";
				SWIFT_EMIT_LOC_STRINGS = NO;
				SWIFT_VERSION = 5.0;
				TARGETED_DEVICE_FAMILY = "1,2";
				TEST_TARGET_NAME = MarshallCrypto;
			};
			name = Debug;
		};
		28C2FAA62D63401F00188223 /* Release */ = {
			isa = XCBuildConfiguration;
			buildSettings = {
				CODE_SIGN_STYLE = Automatic;
				CURRENT_PROJECT_VERSION = 1;
				DEVELOPMENT_TEAM = 2SGPR636VM;
				GENERATE_INFOPLIST_FILE = YES;
				MARKETING_VERSION = 1.0;
				PRODUCT_BUNDLE_IDENTIFIER = se.jontolof.MarshallCryptoUITests;
				PRODUCT_NAME = "$(TARGET_NAME)";
				SWIFT_EMIT_LOC_STRINGS = NO;
				SWIFT_VERSION = 5.0;
				TARGETED_DEVICE_FAMILY = "1,2";
				TEST_TARGET_NAME = MarshallCrypto;
			};
			name = Release;
		};
/* End XCBuildConfiguration section */

/* Begin XCConfigurationList section */
		28C2FA732D63401E00188223 /* Build configuration list for PBXProject "MarshallCrypto" */ = {
			isa = XCConfigurationList;
			buildConfigurations = (
				28C2FA9C2D63401F00188223 /* Debug */,
				28C2FA9D2D63401F00188223 /* Release */,
			);
			defaultConfigurationIsVisible = 0;
			defaultConfigurationName = Release;
		};
		28C2FA9E2D63401F00188223 /* Build configuration list for PBXNativeTarget "MarshallCrypto" */ = {
			isa = XCConfigurationList;
			buildConfigurations = (
				28C2FA9F2D63401F00188223 /* Debug */,
				28C2FAA02D63401F00188223 /* Release */,
			);
			defaultConfigurationIsVisible = 0;
			defaultConfigurationName = Release;
		};
		28C2FAA12D63401F00188223 /* Build configuration list for PBXNativeTarget "MarshallCryptoTests" */ = {
			isa = XCConfigurationList;
			buildConfigurations = (
				28C2FAA22D63401F00188223 /* Debug */,
				28C2FAA32D63401F00188223 /* Release */,
			);
			defaultConfigurationIsVisible = 0;
			defaultConfigurationName = Release;
		};
		28C2FAA42D63401F00188223 /* Build configuration list for PBXNativeTarget "MarshallCryptoUITests" */ = {
			isa = XCConfigurationList;
			buildConfigurations = (
				28C2FAA52D63401F00188223 /* Debug */,
				28C2FAA62D63401F00188223 /* Release */,
			);
			defaultConfigurationIsVisible = 0;
			defaultConfigurationName = Release;
		};
/* End XCConfigurationList section */
	};
	rootObject = 28C2FA702D63401E00188223 /* Project object */;
}
